// !$*UTF8*$!
{
	archiveVersion = 1;
	classes = {
	};
	objectVersion = 46;
	objects = {

/* Begin PBXBuildFile section */
		700C51851D77F61D000AF6DD /* main.m in Sources */ = {isa = PBXBuildFile; fileRef = 700C51841D77F61D000AF6DD /* main.m */; };
		700C51881D77F61D000AF6DD /* AppDelegate.m in Sources */ = {isa = PBXBuildFile; fileRef = 700C51871D77F61D000AF6DD /* AppDelegate.m */; };
		700C518B1D77F61D000AF6DD /* ViewController.m in Sources */ = {isa = PBXBuildFile; fileRef = 700C518A1D77F61D000AF6DD /* ViewController.m */; };
		700C518E1D77F61D000AF6DD /* Main.storyboard in Resources */ = {isa = PBXBuildFile; fileRef = 700C518C1D77F61D000AF6DD /* Main.storyboard */; };
		700C51911D77F61D000AF6DD /* demo_gitTest.xcdatamodeld in Sources */ = {isa = PBXBuildFile; fileRef = 700C518F1D77F61D000AF6DD /* demo_gitTest.xcdatamodeld */; };
		700C51931D77F61D000AF6DD /* Assets.xcassets in Resources */ = {isa = PBXBuildFile; fileRef = 700C51921D77F61D000AF6DD /* Assets.xcassets */; };
		700C51961D77F61D000AF6DD /* LaunchScreen.storyboard in Resources */ = {isa = PBXBuildFile; fileRef = 700C51941D77F61D000AF6DD /* LaunchScreen.storyboard */; };
		700C51A11D77F61D000AF6DD /* demo_gitTestTests.m in Sources */ = {isa = PBXBuildFile; fileRef = 700C51A01D77F61D000AF6DD /* demo_gitTestTests.m */; };
		700C51AC1D77F61D000AF6DD /* demo_gitTestUITests.m in Sources */ = {isa = PBXBuildFile; fileRef = 700C51AB1D77F61D000AF6DD /* demo_gitTestUITests.m */; };
/* End PBXBuildFile section */

/* Begin PBXContainerItemProxy section */
		700C519D1D77F61D000AF6DD /* PBXContainerItemProxy */ = {
			isa = PBXContainerItemProxy;
			containerPortal = 700C51781D77F61D000AF6DD /* Project object */;
			proxyType = 1;
			remoteGlobalIDString = 700C517F1D77F61D000AF6DD;
			remoteInfo = demo_gitTest;
		};
		700C51A81D77F61D000AF6DD /* PBXContainerItemProxy */ = {
			isa = PBXContainerItemProxy;
			containerPortal = 700C51781D77F61D000AF6DD /* Project object */;
			proxyType = 1;
			remoteGlobalIDString = 700C517F1D77F61D000AF6DD;
			remoteInfo = demo_gitTest;
		};
/* End PBXContainerItemProxy section */

/* Begin PBXFileReference section */
		700C51801D77F61D000AF6DD /* demo_gitTest.app */ = {isa = PBXFileReference; explicitFileType = wrapper.application; includeInIndex = 0; path = demo_gitTest.app; sourceTree = BUILT_PRODUCTS_DIR; };
		700C51841D77F61D000AF6DD /* main.m */ = {isa = PBXFileReference; lastKnownFileType = sourcecode.c.objc; path = main.m; sourceTree = "<group>"; };
		700C51861D77F61D000AF6DD /* AppDelegate.h */ = {isa = PBXFileReference; lastKnownFileType = sourcecode.c.h; path = AppDelegate.h; sourceTree = "<group>"; };
		700C51871D77F61D000AF6DD /* AppDelegate.m */ = {isa = PBXFileReference; lastKnownFileType = sourcecode.c.objc; path = AppDelegate.m; sourceTree = "<group>"; };
		700C51891D77F61D000AF6DD /* ViewController.h */ = {isa = PBXFileReference; lastKnownFileType = sourcecode.c.h; path = ViewController.h; sourceTree = "<group>"; };
		700C518A1D77F61D000AF6DD /* ViewController.m */ = {isa = PBXFileReference; lastKnownFileType = sourcecode.c.objc; path = ViewController.m; sourceTree = "<group>"; };
		700C518D1D77F61D000AF6DD /* Base */ = {isa = PBXFileReference; lastKnownFileType = file.storyboard; name = Base; path = Base.lproj/Main.storyboard; sourceTree = "<group>"; };
		700C51901D77F61D000AF6DD /* demo_gitTest.xcdatamodel */ = {isa = PBXFileReference; lastKnownFileType = wrapper.xcdatamodel; path = demo_gitTest.xcdatamodel; sourceTree = "<group>"; };
		700C51921D77F61D000AF6DD /* Assets.xcassets */ = {isa = PBXFileReference; lastKnownFileType = folder.assetcatalog; path = Assets.xcassets; sourceTree = "<group>"; };
		700C51951D77F61D000AF6DD /* Base */ = {isa = PBXFileReference; lastKnownFileType = file.storyboard; name = Base; path = Base.lproj/LaunchScreen.storyboard; sourceTree = "<group>"; };
		700C51971D77F61D000AF6DD /* Info.plist */ = {isa = PBXFileReference; lastKnownFileType = text.plist.xml; path = Info.plist; sourceTree = "<group>"; };
		700C519C1D77F61D000AF6DD /* demo_gitTestTests.xctest */ = {isa = PBXFileReference; explicitFileType = wrapper.cfbundle; includeInIndex = 0; path = demo_gitTestTests.xctest; sourceTree = BUILT_PRODUCTS_DIR; };
		700C51A01D77F61D000AF6DD /* demo_gitTestTests.m */ = {isa = PBXFileReference; lastKnownFileType = sourcecode.c.objc; path = demo_gitTestTests.m; sourceTree = "<group>"; };
		700C51A21D77F61D000AF6DD /* Info.plist */ = {isa = PBXFileReference; lastKnownFileType = text.plist.xml; path = Info.plist; sourceTree = "<group>"; };
		700C51A71D77F61D000AF6DD /* demo_gitTestUITests.xctest */ = {isa = PBXFileReference; explicitFileType = wrapper.cfbundle; includeInIndex = 0; path = demo_gitTestUITests.xctest; sourceTree = BUILT_PRODUCTS_DIR; };
		700C51AB1D77F61D000AF6DD /* demo_gitTestUITests.m */ = {isa = PBXFileReference; lastKnownFileType = sourcecode.c.objc; path = demo_gitTestUITests.m; sourceTree = "<group>"; };
		700C51AD1D77F61D000AF6DD /* Info.plist */ = {isa = PBXFileReference; lastKnownFileType = text.plist.xml; path = Info.plist; sourceTree = "<group>"; };
/* End PBXFileReference section */

/* Begin PBXFrameworksBuildPhase section */
		700C517D1D77F61D000AF6DD /* Frameworks */ = {
			isa = PBXFrameworksBuildPhase;
			buildActionMask = 2147483647;
			files = (
			);
			runOnlyForDeploymentPostprocessing = 0;
		};
		700C51991D77F61D000AF6DD /* Frameworks */ = {
			isa = PBXFrameworksBuildPhase;
			buildActionMask = 2147483647;
			files = (
			);
			runOnlyForDeploymentPostprocessing = 0;
		};
		700C51A41D77F61D000AF6DD /* Frameworks */ = {
			isa = PBXFrameworksBuildPhase;
			buildActionMask = 2147483647;
			files = (
			);
			runOnlyForDeploymentPostprocessing = 0;
		};
/* End PBXFrameworksBuildPhase section */

/* Begin PBXGroup section */
		700C51771D77F61D000AF6DD = {
			isa = PBXGroup;
			children = (
				700C51821D77F61D000AF6DD /* demo_gitTest */,
				700C519F1D77F61D000AF6DD /* demo_gitTestTests */,
				700C51AA1D77F61D000AF6DD /* demo_gitTestUITests */,
				700C51811D77F61D000AF6DD /* Products */,
			);
			sourceTree = "<group>";
		};
		700C51811D77F61D000AF6DD /* Products */ = {
			isa = PBXGroup;
			children = (
				700C51801D77F61D000AF6DD /* demo_gitTest.app */,
				700C519C1D77F61D000AF6DD /* demo_gitTestTests.xctest */,
				700C51A71D77F61D000AF6DD /* demo_gitTestUITests.xctest */,
			);
			name = Products;
			sourceTree = "<group>";
		};
		700C51821D77F61D000AF6DD /* demo_gitTest */ = {
			isa = PBXGroup;
			children = (
				700C51861D77F61D000AF6DD /* AppDelegate.h */,
				700C51871D77F61D000AF6DD /* AppDelegate.m */,
				700C51891D77F61D000AF6DD /* ViewController.h */,
				700C518A1D77F61D000AF6DD /* ViewController.m */,
				700C518C1D77F61D000AF6DD /* Main.storyboard */,
				700C51921D77F61D000AF6DD /* Assets.xcassets */,
				700C51941D77F61D000AF6DD /* LaunchScreen.storyboard */,
				700C51971D77F61D000AF6DD /* Info.plist */,
				700C518F1D77F61D000AF6DD /* demo_gitTest.xcdatamodeld */,
				700C51831D77F61D000AF6DD /* Supporting Files */,
			);
			path = demo_gitTest;
			sourceTree = "<group>";
		};
		700C51831D77F61D000AF6DD /* Supporting Files */ = {
			isa = PBXGroup;
			children = (
				700C51841D77F61D000AF6DD /* main.m */,
			);
			name = "Supporting Files";
			sourceTree = "<group>";
		};
		700C519F1D77F61D000AF6DD /* demo_gitTestTests */ = {
			isa = PBXGroup;
			children = (
				700C51A01D77F61D000AF6DD /* demo_gitTestTests.m */,
				700C51A21D77F61D000AF6DD /* Info.plist */,
			);
			path = demo_gitTestTests;
			sourceTree = "<group>";
		};
		700C51AA1D77F61D000AF6DD /* demo_gitTestUITests */ = {
			isa = PBXGroup;
			children = (
				700C51AB1D77F61D000AF6DD /* demo_gitTestUITests.m */,
				700C51AD1D77F61D000AF6DD /* Info.plist */,
			);
			path = demo_gitTestUITests;
			sourceTree = "<group>";
		};
/* End PBXGroup section */

/* Begin PBXNativeTarget section */
		700C517F1D77F61D000AF6DD /* demo_gitTest */ = {
			isa = PBXNativeTarget;
			buildConfigurationList = 700C51B01D77F61D000AF6DD /* Build configuration list for PBXNativeTarget "demo_gitTest" */;
			buildPhases = (
				700C517C1D77F61D000AF6DD /* Sources */,
				700C517D1D77F61D000AF6DD /* Frameworks */,
				700C517E1D77F61D000AF6DD /* Resources */,
			);
			buildRules = (
			);
			dependencies = (
			);
			name = demo_gitTest;
			productName = demo_gitTest;
			productReference = 700C51801D77F61D000AF6DD /* demo_gitTest.app */;
			productType = "com.apple.product-type.application";
		};
		700C519B1D77F61D000AF6DD /* demo_gitTestTests */ = {
			isa = PBXNativeTarget;
			buildConfigurationList = 700C51B31D77F61D000AF6DD /* Build configuration list for PBXNativeTarget "demo_gitTestTests" */;
			buildPhases = (
				700C51981D77F61D000AF6DD /* Sources */,
				700C51991D77F61D000AF6DD /* Frameworks */,
				700C519A1D77F61D000AF6DD /* Resources */,
			);
			buildRules = (
			);
			dependencies = (
				700C519E1D77F61D000AF6DD /* PBXTargetDependency */,
			);
			name = demo_gitTestTests;
			productName = demo_gitTestTests;
			productReference = 700C519C1D77F61D000AF6DD /* demo_gitTestTests.xctest */;
			productType = "com.apple.product-type.bundle.unit-test";
		};
		700C51A61D77F61D000AF6DD /* demo_gitTestUITests */ = {
			isa = PBXNativeTarget;
			buildConfigurationList = 700C51B61D77F61D000AF6DD /* Build configuration list for PBXNativeTarget "demo_gitTestUITests" */;
			buildPhases = (
				700C51A31D77F61D000AF6DD /* Sources */,
				700C51A41D77F61D000AF6DD /* Frameworks */,
				700C51A51D77F61D000AF6DD /* Resources */,
			);
			buildRules = (
			);
			dependencies = (
				700C51A91D77F61D000AF6DD /* PBXTargetDependency */,
			);
			name = demo_gitTestUITests;
			productName = demo_gitTestUITests;
			productReference = 700C51A71D77F61D000AF6DD /* demo_gitTestUITests.xctest */;
			productType = "com.apple.product-type.bundle.ui-testing";
		};
/* End PBXNativeTarget section */

/* Begin PBXProject section */
		700C51781D77F61D000AF6DD /* Project object */ = {
			isa = PBXProject;
			attributes = {
				LastUpgradeCheck = 0720;
				ORGANIZATIONNAME = LanGe;
				TargetAttributes = {
					700C517F1D77F61D000AF6DD = {
						CreatedOnToolsVersion = 7.2;
					};
					700C519B1D77F61D000AF6DD = {
						CreatedOnToolsVersion = 7.2;
						TestTargetID = 700C517F1D77F61D000AF6DD;
					};
					700C51A61D77F61D000AF6DD = {
						CreatedOnToolsVersion = 7.2;
						TestTargetID = 700C517F1D77F61D000AF6DD;
					};
				};
			};
			buildConfigurationList = 700C517B1D77F61D000AF6DD /* Build configuration list for PBXProject "demo_gitTest" */;
			compatibilityVersion = "Xcode 3.2";
			developmentRegion = English;
			hasScannedForEncodings = 0;
			knownRegions = (
				en,
				Base,
			);
			mainGroup = 700C51771D77F61D000AF6DD;
			productRefGroup = 700C51811D77F61D000AF6DD /* Products */;
			projectDirPath = "";
			projectRoot = "";
			targets = (
				700C517F1D77F61D000AF6DD /* demo_gitTest */,
				700C519B1D77F61D000AF6DD /* demo_gitTestTests */,
				700C51A61D77F61D000AF6DD /* demo_gitTestUITests */,
			);
		};
/* End PBXProject section */

/* Begin PBXResourcesBuildPhase section */
		700C517E1D77F61D000AF6DD /* Resources */ = {
			isa = PBXResourcesBuildPhase;
			buildActionMask = 2147483647;
			files = (
				700C51961D77F61D000AF6DD /* LaunchScreen.storyboard in Resources */,
				700C51931D77F61D000AF6DD /* Assets.xcassets in Resources */,
				700C518E1D77F61D000AF6DD /* Main.storyboard in Resources */,
			);
			runOnlyForDeploymentPostprocessing = 0;
		};
		700C519A1D77F61D000AF6DD /* Resources */ = {
			isa = PBXResourcesBuildPhase;
			buildActionMask = 2147483647;
			files = (
			);
			runOnlyForDeploymentPostprocessing = 0;
		};
		700C51A51D77F61D000AF6DD /* Resources */ = {
			isa = PBXResourcesBuildPhase;
			buildActionMask = 2147483647;
			files = (
			);
			runOnlyForDeploymentPostprocessing = 0;
		};
/* End PBXResourcesBuildPhase section */

/* Begin PBXSourcesBuildPhase section */
		700C517C1D77F61D000AF6DD /* Sources */ = {
			isa = PBXSourcesBuildPhase;
			buildActionMask = 2147483647;
			files = (
				700C518B1D77F61D000AF6DD /* ViewController.m in Sources */,
				700C51911D77F61D000AF6DD /* demo_gitTest.xcdatamodeld in Sources */,
				700C51881D77F61D000AF6DD /* AppDelegate.m in Sources */,
				700C51851D77F61D000AF6DD /* main.m in Sources */,
			);
			runOnlyForDeploymentPostprocessing = 0;
		};
		700C51981D77F61D000AF6DD /* Sources */ = {
			isa = PBXSourcesBuildPhase;
			buildActionMask = 2147483647;
			files = (
				700C51A11D77F61D000AF6DD /* demo_gitTestTests.m in Sources */,
			);
			runOnlyForDeploymentPostprocessing = 0;
		};
		700C51A31D77F61D000AF6DD /* Sources */ = {
			isa = PBXSourcesBuildPhase;
			buildActionMask = 2147483647;
			files = (
				700C51AC1D77F61D000AF6DD /* demo_gitTestUITests.m in Sources */,
			);
			runOnlyForDeploymentPostprocessing = 0;
		};
/* End PBXSourcesBuildPhase section */

/* Begin PBXTargetDependency section */
		700C519E1D77F61D000AF6DD /* PBXTargetDependency */ = {
			isa = PBXTargetDependency;
			target = 700C517F1D77F61D000AF6DD /* demo_gitTest */;
			targetProxy = 700C519D1D77F61D000AF6DD /* PBXContainerItemProxy */;
		};
		700C51A91D77F61D000AF6DD /* PBXTargetDependency */ = {
			isa = PBXTargetDependency;
			target = 700C517F1D77F61D000AF6DD /* demo_gitTest */;
			targetProxy = 700C51A81D77F61D000AF6DD /* PBXContainerItemProxy */;
		};
/* End PBXTargetDependency section */

/* Begin PBXVariantGroup section */
		700C518C1D77F61D000AF6DD /* Main.storyboard */ = {
			isa = PBXVariantGroup;
			children = (
				700C518D1D77F61D000AF6DD /* Base */,
			);
			name = Main.storyboard;
			sourceTree = "<group>";
		};
		700C51941D77F61D000AF6DD /* LaunchScreen.storyboard */ = {
			isa = PBXVariantGroup;
			children = (
				700C51951D77F61D000AF6DD /* Base */,
			);
			name = LaunchScreen.storyboard;
			sourceTree = "<group>";
		};
/* End PBXVariantGroup section */

/* Begin XCBuildConfiguration section */
		700C51AE1D77F61D000AF6DD /* Debug */ = {
			isa = XCBuildConfiguration;
			buildSettings = {
				ALWAYS_SEARCH_USER_PATHS = NO;
				CLANG_CXX_LANGUAGE_STANDARD = "gnu++0x";
				CLANG_CXX_LIBRARY = "libc++";
				CLANG_ENABLE_MODULES = YES;
				CLANG_ENABLE_OBJC_ARC = YES;
				CLANG_WARN_BOOL_CONVERSION = YES;
				CLANG_WARN_CONSTANT_CONVERSION = YES;
				CLANG_WARN_DIRECT_OBJC_ISA_USAGE = YES_ERROR;
				CLANG_WARN_EMPTY_BODY = YES;
				CLANG_WARN_ENUM_CONVERSION = YES;
				CLANG_WARN_INT_CONVERSION = YES;
				CLANG_WARN_OBJC_ROOT_CLASS = YES_ERROR;
				CLANG_WARN_UNREACHABLE_CODE = YES;
				CLANG_WARN__DUPLICATE_METHOD_MATCH = YES;
				"CODE_SIGN_IDENTITY[sdk=iphoneos*]" = "iPhone Developer";
				COPY_PHASE_STRIP = NO;
				DEBUG_INFORMATION_FORMAT = dwarf;
				ENABLE_STRICT_OBJC_MSGSEND = YES;
				ENABLE_TESTABILITY = YES;
				GCC_C_LANGUAGE_STANDARD = gnu99;
				GCC_DYNAMIC_NO_PIC = NO;
				GCC_NO_COMMON_BLOCKS = YES;
				GCC_OPTIMIZATION_LEVEL = 0;
				GCC_PREPROCESSOR_DEFINITIONS = (
					"DEBUG=1",
					"$(inherited)",
				);
				GCC_WARN_64_TO_32_BIT_CONVERSION = YES;
				GCC_WARN_ABOUT_RETURN_TYPE = YES_ERROR;
				GCC_WARN_UNDECLARED_SELECTOR = YES;
				GCC_WARN_UNINITIALIZED_AUTOS = YES_AGGRESSIVE;
				GCC_WARN_UNUSED_FUNCTION = YES;
				GCC_WARN_UNUSED_VARIABLE = YES;
				IPHONEOS_DEPLOYMENT_TARGET = 9.2;
				MTL_ENABLE_DEBUG_INFO = YES;
				ONLY_ACTIVE_ARCH = YES;
				SDKROOT = iphoneos;
				TARGETED_DEVICE_FAMILY = "1,2";
			};
			name = Debug;
		};
		700C51AF1D77F61D000AF6DD /* Release */ = {
			isa = XCBuildConfiguration;
			buildSettings = {
				ALWAYS_SEARCH_USER_PATHS = NO;
				CLANG_CXX_LANGUAGE_STANDARD = "gnu++0x";
				CLANG_CXX_LIBRARY = "libc++";
				CLANG_ENABLE_MODULES = YES;
				CLANG_ENABLE_OBJC_ARC = YES;
				CLANG_WARN_BOOL_CONVERSION = YES;
				CLANG_WARN_CONSTANT_CONVERSION = YES;
				CLANG_WARN_DIRECT_OBJC_ISA_USAGE = YES_ERROR;
				CLANG_WARN_EMPTY_BODY = YES;
				CLANG_WARN_ENUM_CONVERSION = YES;
				CLANG_WARN_INT_CONVERSION = YES;
				CLANG_WARN_OBJC_ROOT_CLASS = YES_ERROR;
				CLANG_WARN_UNREACHABLE_CODE = YES;
				CLANG_WARN__DUPLICATE_METHOD_MATCH = YES;
				"CODE_SIGN_IDENTITY[sdk=iphoneos*]" = "iPhone Developer";
				COPY_PHASE_STRIP = NO;
				DEBUG_INFORMATION_FORMAT = "dwarf-with-dsym";
				ENABLE_NS_ASSERTIONS = NO;
				ENABLE_STRICT_OBJC_MSGSEND = YES;
				GCC_C_LANGUAGE_STANDARD = gnu99;
				GCC_NO_COMMON_BLOCKS = YES;
				GCC_WARN_64_TO_32_BIT_CONVERSION = YES;
				GCC_WARN_ABOUT_RETURN_TYPE = YES_ERROR;
				GCC_WARN_UNDECLARED_SELECTOR = YES;
				GCC_WARN_UNINITIALIZED_AUTOS = YES_AGGRESSIVE;
				GCC_WARN_UNUSED_FUNCTION = YES;
				GCC_WARN_UNUSED_VARIABLE = YES;
				IPHONEOS_DEPLOYMENT_TARGET = 9.2;
				MTL_ENABLE_DEBUG_INFO = NO;
				SDKROOT = iphoneos;
				TARGETED_DEVICE_FAMILY = "1,2";
				VALIDATE_PRODUCT = YES;
			};
			name = Release;
		};
		700C51B11D77F61D000AF6DD /* Debug */ = {
			isa = XCBuildConfiguration;
			buildSettings = {
				ASSETCATALOG_COMPILER_APPICON_NAME = AppIcon;
				INFOPLIST_FILE = demo_gitTest/Info.plist;
				LD_RUNPATH_SEARCH_PATHS = "$(inherited) @executable_path/Frameworks";
				PRODUCT_BUNDLE_IDENTIFIER = "com.LanGe.demo-gitTest";
				PRODUCT_NAME = "$(TARGET_NAME)";
			};
			name = Debug;
		};
		700C51B21D77F61D000AF6DD /* Release */ = {
			isa = XCBuildConfiguration;
			buildSettings = {
				ASSETCATALOG_COMPILER_APPICON_NAME = AppIcon;
				INFOPLIST_FILE = demo_gitTest/Info.plist;
				LD_RUNPATH_SEARCH_PATHS = "$(inherited) @executable_path/Frameworks";
				PRODUCT_BUNDLE_IDENTIFIER = "com.LanGe.demo-gitTest";
				PRODUCT_NAME = "$(TARGET_NAME)";
			};
			name = Release;
		};
		700C51B41D77F61D000AF6DD /* Debug */ = {
			isa = XCBuildConfiguration;
			buildSettings = {
				BUNDLE_LOADER = "$(TEST_HOST)";
				INFOPLIST_FILE = demo_gitTestTests/Info.plist;
				LD_RUNPATH_SEARCH_PATHS = "$(inherited) @executable_path/Frameworks @loader_path/Frameworks";
				PRODUCT_BUNDLE_IDENTIFIER = "com.LanGe.demo-gitTestTests";
				PRODUCT_NAME = "$(TARGET_NAME)";
				TEST_HOST = "$(BUILT_PRODUCTS_DIR)/demo_gitTest.app/demo_gitTest";
			};
			name = Debug;
		};
		700C51B51D77F61D000AF6DD /* Release */ = {
			isa = XCBuildConfiguration;
			buildSettings = {
				BUNDLE_LOADER = "$(TEST_HOST)";
				INFOPLIST_FILE = demo_gitTestTests/Info.plist;
				LD_RUNPATH_SEARCH_PATHS = "$(inherited) @executable_path/Frameworks @loader_path/Frameworks";
				PRODUCT_BUNDLE_IDENTIFIER = "com.LanGe.demo-gitTestTests";
				PRODUCT_NAME = "$(TARGET_NAME)";
				TEST_HOST = "$(BUILT_PRODUCTS_DIR)/demo_gitTest.app/demo_gitTest";
			};
			name = Release;
		};
		700C51B71D77F61D000AF6DD /* Debug */ = {
			isa = XCBuildConfiguration;
			buildSettings = {
				INFOPLIST_FILE = demo_gitTestUITests/Info.plist;
				LD_RUNPATH_SEARCH_PATHS = "$(inherited) @executable_path/Frameworks @loader_path/Frameworks";
				PRODUCT_BUNDLE_IDENTIFIER = "com.LanGe.demo-gitTestUITests";
				PRODUCT_NAME = "$(TARGET_NAME)";
				TEST_TARGET_NAME = demo_gitTest;
				USES_XCTRUNNER = YES;
			};
			name = Debug;
		};
		700C51B81D77F61D000AF6DD /* Release */ = {
			isa = XCBuildConfiguration;
			buildSettings = {
				INFOPLIST_FILE = demo_gitTestUITests/Info.plist;
				LD_RUNPATH_SEARCH_PATHS = "$(inherited) @executable_path/Frameworks @loader_path/Frameworks";
				PRODUCT_BUNDLE_IDENTIFIER = "com.LanGe.demo-gitTestUITests";
				PRODUCT_NAME = "$(TARGET_NAME)";
				TEST_TARGET_NAME = demo_gitTest;
				USES_XCTRUNNER = YES;
			};
			name = Release;
		};
/* End XCBuildConfiguration section */

/* Begin XCConfigurationList section */
		700C517B1D77F61D000AF6DD /* Build configuration list for PBXProject "demo_gitTest" */ = {
			isa = XCConfigurationList;
			buildConfigurations = (
				700C51AE1D77F61D000AF6DD /* Debug */,
				700C51AF1D77F61D000AF6DD /* Release */,
			);
			defaultConfigurationIsVisible = 0;
			defaultConfigurationName = Release;
		};
		700C51B01D77F61D000AF6DD /* Build configuration list for PBXNativeTarget "demo_gitTest" */ = {
			isa = XCConfigurationList;
			buildConfigurations = (
				700C51B11D77F61D000AF6DD /* Debug */,
				700C51B21D77F61D000AF6DD /* Release */,
			);
			defaultConfigurationIsVisible = 0;
		};
		700C51B31D77F61D000AF6DD /* Build configuration list for PBXNativeTarget "demo_gitTestTests" */ = {
			isa = XCConfigurationList;
			buildConfigurations = (
				700C51B41D77F61D000AF6DD /* Debug */,
				700C51B51D77F61D000AF6DD /* Release */,
			);
			defaultConfigurationIsVisible = 0;
		};
		700C51B61D77F61D000AF6DD /* Build configuration list for PBXNativeTarget "demo_gitTestUITests" */ = {
			isa = XCConfigurationList;
			buildConfigurations = (
				700C51B71D77F61D000AF6DD /* Debug */,
				700C51B81D77F61D000AF6DD /* Release */,
			);
			defaultConfigurationIsVisible = 0;
		};
/* End XCConfigurationList section */

/* Begin XCVersionGroup section */
		700C518F1D77F61D000AF6DD /* demo_gitTest.xcdatamodeld */ = {
			isa = XCVersionGroup;
			children = (
				700C51901D77F61D000AF6DD /* demo_gitTest.xcdatamodel */,
			);
			currentVersion = 700C51901D77F61D000AF6DD /* demo_gitTest.xcdatamodel */;
			path = demo_gitTest.xcdatamodeld;
			sourceTree = "<group>";
			versionGroupType = wrapper.xcdatamodel;
		};
/* End XCVersionGroup section */
	};
	rootObject = 700C51781D77F61D000AF6DD /* Project object */;
}
